
Microsoft Visual Studio Solution File, Format Version 12.00
# Visual Studio Version 17
VisualStudioVersion = 17.11.35312.102
MinimumVisualStudioVersion = 10.0.40219.1
Project("{9A19103F-16F7-4668-BE54-9A1E7A4F7556}") = "Domain", "Domain\Domain.csproj", "{CC8E0F4E-6118-4424-8EE8-0ED023D60C37}"
EndProject
Project("{9A19103F-16F7-4668-BE54-9A1E7A4F7556}") = "Business", "Business\Business.csproj", "{4763850F-092F-4D8D-8B34-FFBEFCF9C41E}"
EndProject
Project("{9A19103F-16F7-4668-BE54-9A1E7A4F7556}") = "Infrastructure", "Infrastructure\Infrastructure.csproj", "{F6321477-A5CA-4CED-8383-53DB68D6642F}"
EndProject
Project("{9A19103F-16F7-4668-BE54-9A1E7A4F7556}") = "Presentation.Console", "Presentation.Console\Presentation.Console.csproj", "{3F3425C5-5ABF-4AD8-B8DA-8E0B1D678B85}"
EndProject
Project("{FAE04EC0-301F-11D3-BF4B-00C04F79EFBC}") = "WebApi", "WebApi\WebApi.csproj", "{F0A76A9D-CEB2-4AD3-8EE3-149CA5BDCE47}"
EndProject
Global
	GlobalSection(SolutionConfigurationPlatforms) = preSolution
		Debug|Any CPU = Debug|Any CPU
		Release|Any CPU = Release|Any CPU
	EndGlobalSection
	GlobalSection(ProjectConfigurationPlatforms) = postSolution
		{CC8E0F4E-6118-4424-8EE8-0ED023D60C37}.Debug|Any CPU.ActiveCfg = Debug|Any CPU
		{CC8E0F4E-6118-4424-8EE8-0ED023D60C37}.Debug|Any CPU.Build.0 = Debug|Any CPU
		{CC8E0F4E-6118-4424-8EE8-0ED023D60C37}.Release|Any CPU.ActiveCfg = Release|Any CPU
		{CC8E0F4E-6118-4424-8EE8-0ED023D60C37}.Release|Any CPU.Build.0 = Release|Any CPU
		{4763850F-092F-4D8D-8B34-FFBEFCF9C41E}.Debug|Any CPU.ActiveCfg = Debug|Any CPU
		{4763850F-092F-4D8D-8B34-FFBEFCF9C41E}.Debug|Any CPU.Build.0 = Debug|Any CPU
		{4763850F-092F-4D8D-8B34-FFBEFCF9C41E}.Release|Any CPU.ActiveCfg = Release|Any CPU
		{4763850F-092F-4D8D-8B34-FFBEFCF9C41E}.Release|Any CPU.Build.0 = Release|Any CPU
		{F6321477-A5CA-4CED-8383-53DB68D6642F}.Debug|Any CPU.ActiveCfg = Debug|Any CPU
		{F6321477-A5CA-4CED-8383-53DB68D6642F}.Debug|Any CPU.Build.0 = Debug|Any CPU
		{F6321477-A5CA-4CED-8383-53DB68D6642F}.Release|Any CPU.ActiveCfg = Release|Any CPU
		{F6321477-A5CA-4CED-8383-53DB68D6642F}.Release|Any CPU.Build.0 = Release|Any CPU
		{3F3425C5-5ABF-4AD8-B8DA-8E0B1D678B85}.Debug|Any CPU.ActiveCfg = Debug|Any CPU
		{3F3425C5-5ABF-4AD8-B8DA-8E0B1D678B85}.Debug|Any CPU.Build.0 = Debug|Any CPU
		{3F3425C5-5ABF-4AD8-B8DA-8E0B1D678B85}.Release|Any CPU.ActiveCfg = Release|Any CPU
		{3F3425C5-5ABF-4AD8-B8DA-8E0B1D678B85}.Release|Any CPU.Build.0 = Release|Any CPU
		{F0A76A9D-CEB2-4AD3-8EE3-149CA5BDCE47}.Debug|Any CPU.ActiveCfg = Debug|Any CPU
		{F0A76A9D-CEB2-4AD3-8EE3-149CA5BDCE47}.Debug|Any CPU.Build.0 = Debug|Any CPU
		{F0A76A9D-CEB2-4AD3-8EE3-149CA5BDCE47}.Release|Any CPU.ActiveCfg = Release|Any CPU
		{F0A76A9D-CEB2-4AD3-8EE3-149CA5BDCE47}.Release|Any CPU.Build.0 = Release|Any CPU
	EndGlobalSection
	GlobalSection(SolutionProperties) = preSolution
		HideSolutionNode = FALSE
	EndGlobalSection
	GlobalSection(ExtensibilityGlobals) = postSolution
		SolutionGuid = {F2AF3D02-C8B7-4D3D-9399-611AA63420F0}
	EndGlobalSection
EndGlobal
